
Microsoft Visual Studio Solution File, Format Version 12.00
# Visual Studio Version 17
VisualStudioVersion = 17.6.33801.468
MinimumVisualStudioVersion = 10.0.40219.1
Project("{8BC9CEB8-8B4A-11D0-8D11-00A0C91BC942}") = "Задача №3. Иерархия классов", "Задача №3. Иерархия классов.vcxproj", "{72A889C9-9892-4E0E-A5A4-C3F7F8847F30}"
EndProject
Global
	GlobalSection(SolutionConfigurationPlatforms) = preSolution
		Debug|x64 = Debug|x64
		Debug|x86 = Debug|x86
		Release|x64 = Release|x64
		Release|x86 = Release|x86
	EndGlobalSection
	GlobalSection(ProjectConfigurationPlatforms) = postSolution
		{72A889C9-9892-4E0E-A5A4-C3F7F8847F30}.Debug|x64.ActiveCfg = Debug|x64
		{72A889C9-9892-4E0E-A5A4-C3F7F8847F30}.Debug|x64.Build.0 = Debug|x64
		{72A889C9-9892-4E0E-A5A4-C3F7F8847F30}.Debug|x86.ActiveCfg = Debug|Win32
		{72A889C9-9892-4E0E-A5A4-C3F7F8847F30}.Debug|x86.Build.0 = Debug|Win32
		{72A889C9-9892-4E0E-A5A4-C3F7F8847F30}.Release|x64.ActiveCfg = Release|x64
		{72A889C9-9892-4E0E-A5A4-C3F7F8847F30}.Release|x64.Build.0 = Release|x64
		{72A889C9-9892-4E0E-A5A4-C3F7F8847F30}.Release|x86.ActiveCfg = Release|Win32
		{72A889C9-9892-4E0E-A5A4-C3F7F8847F30}.Release|x86.Build.0 = Release|Win32
	EndGlobalSection
	GlobalSection(SolutionProperties) = preSolution
		HideSolutionNode = FALSE
	EndGlobalSection
	GlobalSection(ExtensibilityGlobals) = postSolution
		SolutionGuid = {60AC71EE-89DB-4292-9F16-93092D3A0F7E}
	EndGlobalSection
EndGlobal
